
Microsoft Visual Studio Solution File, Format Version 12.00
# Visual Studio 15
VisualStudioVersion = 15.0.28307.645
MinimumVisualStudioVersion = 10.0.40219.1
Project("{FAE04EC0-301F-11D3-BF4B-00C04F79EFBC}") = "tarefas.webbase", "tarefas.webbase\tarefas.webbase.csproj", "{8AA4DABE-EF53-4E4D-A45B-9F9D23C8B8AE}"
EndProject
Project("{FAE04EC0-301F-11D3-BF4B-00C04F79EFBC}") = "tarefas.data", "tarefas.data\tarefas.data.csproj", "{665BA717-0985-4643-885A-449E75FEC191}"
EndProject
Project("{FAE04EC0-301F-11D3-BF4B-00C04F79EFBC}") = "tarafas.repositories", "tarafas.repositories\tarafas.repositories.csproj", "{87838EB1-4736-41EA-A76E-1E117D9CACB4}"
EndProject
Global
	GlobalSection(SolutionConfigurationPlatforms) = preSolution
		Debug|Any CPU = Debug|Any CPU
		Release|Any CPU = Release|Any CPU
	EndGlobalSection
	GlobalSection(ProjectConfigurationPlatforms) = postSolution
		{8AA4DABE-EF53-4E4D-A45B-9F9D23C8B8AE}.Debug|Any CPU.ActiveCfg = Debug|Any CPU
		{8AA4DABE-EF53-4E4D-A45B-9F9D23C8B8AE}.Debug|Any CPU.Build.0 = Debug|Any CPU
		{8AA4DABE-EF53-4E4D-A45B-9F9D23C8B8AE}.Release|Any CPU.ActiveCfg = Release|Any CPU
		{8AA4DABE-EF53-4E4D-A45B-9F9D23C8B8AE}.Release|Any CPU.Build.0 = Release|Any CPU
		{665BA717-0985-4643-885A-449E75FEC191}.Debug|Any CPU.ActiveCfg = Debug|Any CPU
		{665BA717-0985-4643-885A-449E75FEC191}.Debug|Any CPU.Build.0 = Debug|Any CPU
		{665BA717-0985-4643-885A-449E75FEC191}.Release|Any CPU.ActiveCfg = Release|Any CPU
		{665BA717-0985-4643-885A-449E75FEC191}.Release|Any CPU.Build.0 = Release|Any CPU
		{87838EB1-4736-41EA-A76E-1E117D9CACB4}.Debug|Any CPU.ActiveCfg = Debug|Any CPU
		{87838EB1-4736-41EA-A76E-1E117D9CACB4}.Debug|Any CPU.Build.0 = Debug|Any CPU
		{87838EB1-4736-41EA-A76E-1E117D9CACB4}.Release|Any CPU.ActiveCfg = Release|Any CPU
		{87838EB1-4736-41EA-A76E-1E117D9CACB4}.Release|Any CPU.Build.0 = Release|Any CPU
	EndGlobalSection
	GlobalSection(SolutionProperties) = preSolution
		HideSolutionNode = FALSE
	EndGlobalSection
	GlobalSection(ExtensibilityGlobals) = postSolution
		SolutionGuid = {F063DE3D-034E-46AC-ABE8-CA2868387B81}
	EndGlobalSection
EndGlobal
